
Microsoft Visual Studio Solution File, Format Version 12.00
# Visual Studio Version 16
VisualStudioVersion = 16.0.31112.23
MinimumVisualStudioVersion = 10.0.40219.1
Project("{FAE04EC0-301F-11D3-BF4B-00C04F79EFBC}") = "Day 11 task", "Day 11 task\Day 11 task.csproj", "{D55082F1-4CD3-42BA-898C-219591211E30}"
EndProject
Global
	GlobalSection(SolutionConfigurationPlatforms) = preSolution
		Debug|Any CPU = Debug|Any CPU
		Release|Any CPU = Release|Any CPU
	EndGlobalSection
	GlobalSection(ProjectConfigurationPlatforms) = postSolution
		{D55082F1-4CD3-42BA-898C-219591211E30}.Debug|Any CPU.ActiveCfg = Debug|Any CPU
		{D55082F1-4CD3-42BA-898C-219591211E30}.Debug|Any CPU.Build.0 = Debug|Any CPU
		{D55082F1-4CD3-42BA-898C-219591211E30}.Release|Any CPU.ActiveCfg = Release|Any CPU
		{D55082F1-4CD3-42BA-898C-219591211E30}.Release|Any CPU.Build.0 = Release|Any CPU
	EndGlobalSection
	GlobalSection(SolutionProperties) = preSolution
		HideSolutionNode = FALSE
	EndGlobalSection
	GlobalSection(ExtensibilityGlobals) = postSolution
		SolutionGuid = {C69CA765-10FC-422B-B909-B907BCB430EE}
	EndGlobalSection
EndGlobal
